{"name":"anonymous-oh-analytics","version":"2.0.0","lockfileVersion":3,"requires":true,"packages":{"":{"name":"anonymous-oh-analytics","version":"2.0.0","dependencies":{"@supabase/supabase-js":"^2.57.4","next":"^16.0.0","react":"^19.2.0","react-dom":"^19.2.0"},"devDependencies":{"@types/node":"^22.0.0","@types/react":"^19.0.0","@types/react-dom":"^19.0.0","typescript":"^5.9.0"}}}}
